# THIS IS AN AUTOGENERATED FILE. DO NOT EDIT THIS FILE DIRECTLY.
# yarn lockfile v1


dexie-react-hooks@^4.2.0:
  version "4.2.0"
  resolved "https://registry.yarnpkg.com/dexie-react-hooks/-/dexie-react-hooks-4.2.0.tgz#33d8a64c79e1e2067b9b3c4fe52367fbb6b36450"
  integrity sha512-u7KqTX9JpBQK8+tEyA9X0yMGXlSCsbm5AU64N6gjvGk/IutYDpLBInMYEAEC83s3qhIvryFS+W+sqLZUBEvePQ==

dexie@^4.3.0:
  version "4.3.0"
  resolved "https://registry.yarnpkg.com/dexie/-/dexie-4.3.0.tgz#5b6b9e3ed4e48ba1c36442e6a7d07b86335e2df5"
  integrity sha512-5EeoQpJvMKHe6zWt/FSIIuRa3CWlZeIl6zKXt+Lz7BU6RoRRLgX9dZEynRfXrkLcldKYCBiz7xekTEylnie1Ug==
